# This file is @generated by PDM.
# It is not intended for manual editing.

[metadata]
groups = ["default"]
strategy = ["cross_platform", "inherit_metadata"]
lock_version = "4.4.1"
content_hash = "sha256:cd88a8d1d269e99c887f20e474a89c4aa3c30a80a4e45a72995d1d533871e1a4"

[[package]]
name = "fonttools"
version = "4.47.2"
requires_python = ">=3.8"
summary = "Tools to manipulate font files"
groups = ["default"]
files = [
    {file = "fonttools-4.47.2-cp310-cp310-macosx_10_9_universal2.whl", hash = "sha256:3b629108351d25512d4ea1a8393a2dba325b7b7d7308116b605ea3f8e1be88df"},
    {file = "fonttools-4.47.2-cp310-cp310-macosx_10_9_x86_64.whl", hash = "sha256:c19044256c44fe299d9a73456aabee4b4d06c6b930287be93b533b4737d70aa1"},
    {file = "fonttools-4.47.2-cp310-cp310-manylinux_2_17_aarch64.manylinux2014_aarch64.whl", hash = "sha256:b8be28c036b9f186e8c7eaf8a11b42373e7e4949f9e9f370202b9da4c4c3f56c"},
    {file = "fonttools-4.47.2-cp310-cp310-manylinux_2_17_x86_64.manylinux2014_x86_64.whl", hash = "sha256:f83a4daef6d2a202acb9bf572958f91cfde5b10c8ee7fb1d09a4c81e5d851fd8"},
    {file = "fonttools-4.47.2-cp310-cp310-musllinux_1_1_aarch64.whl", hash = "sha256:4a5a5318ba5365d992666ac4fe35365f93004109d18858a3e18ae46f67907670"},
    {file = "fonttools-4.47.2-cp310-cp310-musllinux_1_1_x86_64.whl", hash = "sha256:8f57ecd742545362a0f7186774b2d1c53423ed9ece67689c93a1055b236f638c"},
    {file = "fonttools-4.47.2-cp310-cp310-win32.whl", hash = "sha256:a1c154bb85dc9a4cf145250c88d112d88eb414bad81d4cb524d06258dea1bdc0"},
    {file = "fonttools-4.47.2-cp310-cp310-win_amd64.whl", hash = "sha256:3e2b95dce2ead58fb12524d0ca7d63a63459dd489e7e5838c3cd53557f8933e1"},
    {file = "fonttools-4.47.2-cp311-cp311-macosx_10_9_universal2.whl", hash = "sha256:29495d6d109cdbabe73cfb6f419ce67080c3ef9ea1e08d5750240fd4b0c4763b"},
    {file = "fonttools-4.47.2-cp311-cp311-macosx_10_9_x86_64.whl", hash = "sha256:0a1d313a415eaaba2b35d6cd33536560deeebd2ed758b9bfb89ab5d97dc5deac"},
    {file = "fonttools-4.47.2-cp311-cp311-manylinux_2_17_aarch64.manylinux2014_aarch64.whl", hash = "sha256:90f898cdd67f52f18049250a6474185ef6544c91f27a7bee70d87d77a8daf89c"},
    {file = "fonttools-4.47.2-cp311-cp311-manylinux_2_17_x86_64.manylinux2014_x86_64.whl", hash = "sha256:3480eeb52770ff75140fe7d9a2ec33fb67b07efea0ab5129c7e0c6a639c40c70"},
    {file = "fonttools-4.47.2-cp311-cp311-musllinux_1_1_aarch64.whl", hash = "sha256:0255dbc128fee75fb9be364806b940ed450dd6838672a150d501ee86523ac61e"},
    {file = "fonttools-4.47.2-cp311-cp311-musllinux_1_1_x86_64.whl", hash = "sha256:f791446ff297fd5f1e2247c188de53c1bfb9dd7f0549eba55b73a3c2087a2703"},
    {file = "fonttools-4.47.2-cp311-cp311-win32.whl", hash = "sha256:740947906590a878a4bde7dd748e85fefa4d470a268b964748403b3ab2aeed6c"},
    {file = "fonttools-4.47.2-cp311-cp311-win_amd64.whl", hash = "sha256:63fbed184979f09a65aa9c88b395ca539c94287ba3a364517698462e13e457c9"},
    {file = "fonttools-4.47.2-cp312-cp312-macosx_10_9_universal2.whl", hash = "sha256:4ec558c543609e71b2275c4894e93493f65d2f41c15fe1d089080c1d0bb4d635"},
    {file = "fonttools-4.47.2-cp312-cp312-macosx_10_9_x86_64.whl", hash = "sha256:e040f905d542362e07e72e03612a6270c33d38281fd573160e1003e43718d68d"},
    {file = "fonttools-4.47.2-cp312-cp312-manylinux_2_17_aarch64.manylinux2014_aarch64.whl", hash = "sha256:6dd58cc03016b281bd2c74c84cdaa6bd3ce54c5a7f47478b7657b930ac3ed8eb"},
    {file = "fonttools-4.47.2-cp312-cp312-manylinux_2_5_x86_64.manylinux1_x86_64.manylinux_2_17_x86_64.manylinux2014_x86_64.whl", hash = "sha256:32ab2e9702dff0dd4510c7bb958f265a8d3dd5c0e2547e7b5f7a3df4979abb07"},
    {file = "fonttools-4.47.2-cp312-cp312-musllinux_1_1_aarch64.whl", hash = "sha256:3a808f3c1d1df1f5bf39be869b6e0c263570cdafb5bdb2df66087733f566ea71"},
    {file = "fonttools-4.47.2-cp312-cp312-musllinux_1_1_x86_64.whl", hash = "sha256:ac71e2e201df041a2891067dc36256755b1229ae167edbdc419b16da78732c2f"},
    {file = "fonttools-4.47.2-cp312-cp312-win32.whl", hash = "sha256:69731e8bea0578b3c28fdb43dbf95b9386e2d49a399e9a4ad736b8e479b08085"},
    {file = "fonttools-4.47.2-cp312-cp312-win_amd64.whl", hash = "sha256:b3e1304e5f19ca861d86a72218ecce68f391646d85c851742d265787f55457a4"},
    {file = "fonttools-4.47.2-py3-none-any.whl", hash = "sha256:7eb7ad665258fba68fd22228a09f347469d95a97fb88198e133595947a20a184"},
    {file = "fonttools-4.47.2.tar.gz", hash = "sha256:7df26dd3650e98ca45f1e29883c96a0b9f5bb6af8d632a6a108bc744fa0bd9b3"},
]

[[package]]
name = "opentype-feature-freezer"
version = "1.32.2"
requires_python = ">=3.6,<4.0"
summary = "Turns OpenType features 'on' by default in a font: reassigns the font's Unicode-to-glyph mapping fo permanently 'freeze' the 1-to-1 substitution features, and creates a new font."
groups = ["default"]
dependencies = [
    "fonttools<5.0,>=4.0",
]
files = [
    {file = "opentype-feature-freezer-1.32.2.tar.gz", hash = "sha256:cdc93320bfee4e2f1455476f2b5618d82f47c0d86532f1b69673666adcc2b573"},
    {file = "opentype_feature_freezer-1.32.2-py3-none-any.whl", hash = "sha256:e49b98c7ab37c8fe75d838319cbc0f4769a06536ec039633f1cded39b813a055"},
]
